
Microsoft Visual Studio Solution File, Format Version 12.00
# Visual Studio 2012
Project("{2150E333-8FDC-42A3-9474-1A3956D46DE8}") = "Solution Items", "Solution Items", "{5073BB49-A371-4ED2-AC24-DE863BF99557}"
	ProjectSection(SolutionItems) = preProject
		Readme.html = Readme.html
	EndProjectSection
EndProject
Project("{FAE04EC0-301F-11D3-BF4B-00C04F79EFBC}") = "Kobush.Build", "Kobush.Build.csproj", "{E9D3235E-2268-4846-B9EC-DFE24AAA438D}"
EndProject
Global
	GlobalSection(SolutionConfigurationPlatforms) = preSolution
		Debug|Any CPU = Debug|Any CPU
		Release|Any CPU = Release|Any CPU
	EndGlobalSection
	GlobalSection(ProjectConfigurationPlatforms) = postSolution
		{E9D3235E-2268-4846-B9EC-DFE24AAA438D}.Debug|Any CPU.ActiveCfg = Debug|Any CPU
		{E9D3235E-2268-4846-B9EC-DFE24AAA438D}.Debug|Any CPU.Build.0 = Debug|Any CPU
		{E9D3235E-2268-4846-B9EC-DFE24AAA438D}.Release|Any CPU.ActiveCfg = Release|Any CPU
		{E9D3235E-2268-4846-B9EC-DFE24AAA438D}.Release|Any CPU.Build.0 = Release|Any CPU
	EndGlobalSection
	GlobalSection(SolutionProperties) = preSolution
		HideSolutionNode = FALSE
	EndGlobalSection
EndGlobal
